# This file is automatically @generated by Poetry 2.1.4 and should not be changed by hand.

[[package]]
name = "aws-lambda-typing"
version = "2.20.0"
description = "A package that provides type hints for AWS Lambda event, context and response objects"
optional = false
python-versions = "<4.0,>=3.6"
groups = ["main"]
files = [
    {file = "aws-lambda-typing-2.20.0.tar.gz", hash = "sha256:78b0d8ebab73b3a6b0da98a7969f4e9c4bb497298ec50f3217da8a8dfba17154"},
    {file = "aws_lambda_typing-2.20.0-py3-none-any.whl", hash = "sha256:1d44264cabfeab5ac38e67ddd0c874e677b2cbbae77a42d0519df470e6bbb49b"},
]

[metadata]
lock-version = "2.1"
python-versions = "~3.11"
content-hash = "19f09cafc28fb644797af214a8ec33d11d2f27bb53e56ecac6ae86ce2354c189"
